
Microsoft Visual Studio Solution File, Format Version 12.00
# Visual Studio Version 17
VisualStudioVersion = 17.7.34024.191
MinimumVisualStudioVersion = 10.0.40219.1
Project("{2150E333-8FDC-42A3-9474-1A3956D46DE8}") = "1-Presentation", "1-Presentation", "{3B090057-1B67-4FF0-85E3-179D03B9FFDD}"
EndProject
Project("{2150E333-8FDC-42A3-9474-1A3956D46DE8}") = "2-Application", "2-Application", "{290B3989-E6FE-4B87-94EA-DB9192738A8C}"
EndProject
Project("{2150E333-8FDC-42A3-9474-1A3956D46DE8}") = "3-Domain", "3-Domain", "{C09D79B0-8A1A-4460-B1F3-596A46841594}"
EndProject
Project("{2150E333-8FDC-42A3-9474-1A3956D46DE8}") = "4-Infrastructure", "4-Infrastructure", "{C867AFCD-E372-4B4A-80F6-FD0C5AC25ACC}"
EndProject
Project("{2150E333-8FDC-42A3-9474-1A3956D46DE8}") = "5-CommonCore", "5-CommonCore", "{B7F3C2D7-E84D-4C89-9DCC-C63E27D1DA2F}"
EndProject
Project("{9A19103F-16F7-4668-BE54-9A1E7A4F7556}") = "Application", "Application\Application.csproj", "{EE17C307-7345-439F-B0D1-C3D83ABAC1E0}"
EndProject
Project("{9A19103F-16F7-4668-BE54-9A1E7A4F7556}") = "Application.Services", "Application.Services\Application.Services.csproj", "{76D551CE-22C9-41D4-9348-39F24B5B917F}"
EndProject
Project("{9A19103F-16F7-4668-BE54-9A1E7A4F7556}") = "Domain", "Domain\Domain.csproj", "{935C2010-8F92-46DF-92B3-7E145A319C04}"
EndProject
Project("{9A19103F-16F7-4668-BE54-9A1E7A4F7556}") = "Domain.Services", "Domain.Services\Domain.Services.csproj", "{27A7082F-A28C-4A76-B32C-943BFB2293FD}"
EndProject
Project("{9A19103F-16F7-4668-BE54-9A1E7A4F7556}") = "SimpleDashboard.Core", "Core\SimpleDashboard.Core.csproj", "{92DF49BB-2DD4-463E-B849-459BABEFCBC7}"
EndProject
Project("{9A19103F-16F7-4668-BE54-9A1E7A4F7556}") = "SimpleDashboard.Common", "Common\SimpleDashboard.Common.csproj", "{38BBDC8F-0EA1-46EC-B668-66C0A84F3B03}"
EndProject
Project("{9A19103F-16F7-4668-BE54-9A1E7A4F7556}") = "SimpleDashboard.Extentions", "SimpleDashboard.Extentions\SimpleDashboard.Extentions.csproj", "{4C30F5A7-A2FF-4BEF-BAA0-76DD3D34D4CA}"
EndProject
Project("{2150E333-8FDC-42A3-9474-1A3956D46DE8}") = "SQL_Scripts", "SQL_Scripts", "{F05C4097-0C29-4409-92B6-FAA1D6F68C7D}"
	ProjectSection(SolutionItems) = preProject
		SQL_Scripts\CreateTable_Tasks.sql = SQL_Scripts\CreateTable_Tasks.sql
		SQL_Scripts\CreateTable_UserRequirement.sql = SQL_Scripts\CreateTable_UserRequirement.sql
		SQL_Scripts\CreateTable_User_UserStoryInformation.sql = SQL_Scripts\CreateTable_User_UserStoryInformation.sql
	EndProjectSection
EndProject
Project("{2150E333-8FDC-42A3-9474-1A3956D46DE8}") = "Test", "Test", "{B415415F-1457-4D48-AF25-9EEEB7C1C1B2}"
EndProject
Project("{2150E333-8FDC-42A3-9474-1A3956D46DE8}") = "4-Infrastructure", "4-Infrastructure", "{C450F6E6-0774-4C93-AB03-3DA7A0FF0CB6}"
EndProject
Project("{9A19103F-16F7-4668-BE54-9A1E7A4F7556}") = "Presentation.Web.Api", "Presentation.WebApi\Presentation.Web.Api.csproj", "{091394F7-5A6B-40B2-9F23-C55BB8978634}"
EndProject
Project("{54A90642-561A-4BB1-A94E-469ADEE60C69}") = "Presentation.Web.Angular", "Presentation.Web.Angular\Presentation.Web.Angular.esproj", "{6B743A04-77A8-41D7-B20E-A134FC7EF26A}"
EndProject
Project("{FAE04EC0-301F-11D3-BF4B-00C04F79EFBC}") = "Infra.Database.SQLServer", "Infra.Database.SQLServer\Infra.Database.SQLServer.csproj", "{3AE138FC-D635-464C-80DE-0DB41B49F3EE}"
EndProject
Project("{FAE04EC0-301F-11D3-BF4B-00C04F79EFBC}") = "Infra.Database.SQLServer.Test", "Infra.Database.SQLServer.Test\Infra.Database.SQLServer.Test.csproj", "{2BCACDF8-59BE-418E-ABE5-9D0DBC4FD53D}"
EndProject
Global
	GlobalSection(SolutionConfigurationPlatforms) = preSolution
		Debug|Any CPU = Debug|Any CPU
		Release|Any CPU = Release|Any CPU
	EndGlobalSection
	GlobalSection(ProjectConfigurationPlatforms) = postSolution
		{EE17C307-7345-439F-B0D1-C3D83ABAC1E0}.Debug|Any CPU.ActiveCfg = Debug|Any CPU
		{EE17C307-7345-439F-B0D1-C3D83ABAC1E0}.Debug|Any CPU.Build.0 = Debug|Any CPU
		{EE17C307-7345-439F-B0D1-C3D83ABAC1E0}.Release|Any CPU.ActiveCfg = Release|Any CPU
		{EE17C307-7345-439F-B0D1-C3D83ABAC1E0}.Release|Any CPU.Build.0 = Release|Any CPU
		{76D551CE-22C9-41D4-9348-39F24B5B917F}.Debug|Any CPU.ActiveCfg = Debug|Any CPU
		{76D551CE-22C9-41D4-9348-39F24B5B917F}.Debug|Any CPU.Build.0 = Debug|Any CPU
		{76D551CE-22C9-41D4-9348-39F24B5B917F}.Release|Any CPU.ActiveCfg = Release|Any CPU
		{76D551CE-22C9-41D4-9348-39F24B5B917F}.Release|Any CPU.Build.0 = Release|Any CPU
		{935C2010-8F92-46DF-92B3-7E145A319C04}.Debug|Any CPU.ActiveCfg = Debug|Any CPU
		{935C2010-8F92-46DF-92B3-7E145A319C04}.Debug|Any CPU.Build.0 = Debug|Any CPU
		{935C2010-8F92-46DF-92B3-7E145A319C04}.Release|Any CPU.ActiveCfg = Release|Any CPU
		{935C2010-8F92-46DF-92B3-7E145A319C04}.Release|Any CPU.Build.0 = Release|Any CPU
		{27A7082F-A28C-4A76-B32C-943BFB2293FD}.Debug|Any CPU.ActiveCfg = Debug|Any CPU
		{27A7082F-A28C-4A76-B32C-943BFB2293FD}.Debug|Any CPU.Build.0 = Debug|Any CPU
		{27A7082F-A28C-4A76-B32C-943BFB2293FD}.Release|Any CPU.ActiveCfg = Release|Any CPU
		{27A7082F-A28C-4A76-B32C-943BFB2293FD}.Release|Any CPU.Build.0 = Release|Any CPU
		{92DF49BB-2DD4-463E-B849-459BABEFCBC7}.Debug|Any CPU.ActiveCfg = Debug|Any CPU
		{92DF49BB-2DD4-463E-B849-459BABEFCBC7}.Debug|Any CPU.Build.0 = Debug|Any CPU
		{92DF49BB-2DD4-463E-B849-459BABEFCBC7}.Release|Any CPU.ActiveCfg = Release|Any CPU
		{92DF49BB-2DD4-463E-B849-459BABEFCBC7}.Release|Any CPU.Build.0 = Release|Any CPU
		{38BBDC8F-0EA1-46EC-B668-66C0A84F3B03}.Debug|Any CPU.ActiveCfg = Debug|Any CPU
		{38BBDC8F-0EA1-46EC-B668-66C0A84F3B03}.Debug|Any CPU.Build.0 = Debug|Any CPU
		{38BBDC8F-0EA1-46EC-B668-66C0A84F3B03}.Release|Any CPU.ActiveCfg = Release|Any CPU
		{38BBDC8F-0EA1-46EC-B668-66C0A84F3B03}.Release|Any CPU.Build.0 = Release|Any CPU
		{4C30F5A7-A2FF-4BEF-BAA0-76DD3D34D4CA}.Debug|Any CPU.ActiveCfg = Debug|Any CPU
		{4C30F5A7-A2FF-4BEF-BAA0-76DD3D34D4CA}.Debug|Any CPU.Build.0 = Debug|Any CPU
		{4C30F5A7-A2FF-4BEF-BAA0-76DD3D34D4CA}.Release|Any CPU.ActiveCfg = Release|Any CPU
		{4C30F5A7-A2FF-4BEF-BAA0-76DD3D34D4CA}.Release|Any CPU.Build.0 = Release|Any CPU
		{091394F7-5A6B-40B2-9F23-C55BB8978634}.Debug|Any CPU.ActiveCfg = Debug|Any CPU
		{091394F7-5A6B-40B2-9F23-C55BB8978634}.Debug|Any CPU.Build.0 = Debug|Any CPU
		{091394F7-5A6B-40B2-9F23-C55BB8978634}.Release|Any CPU.ActiveCfg = Release|Any CPU
		{091394F7-5A6B-40B2-9F23-C55BB8978634}.Release|Any CPU.Build.0 = Release|Any CPU
		{6B743A04-77A8-41D7-B20E-A134FC7EF26A}.Debug|Any CPU.ActiveCfg = Debug|Any CPU
		{6B743A04-77A8-41D7-B20E-A134FC7EF26A}.Debug|Any CPU.Build.0 = Debug|Any CPU
		{6B743A04-77A8-41D7-B20E-A134FC7EF26A}.Debug|Any CPU.Deploy.0 = Debug|Any CPU
		{6B743A04-77A8-41D7-B20E-A134FC7EF26A}.Release|Any CPU.ActiveCfg = Release|Any CPU
		{6B743A04-77A8-41D7-B20E-A134FC7EF26A}.Release|Any CPU.Build.0 = Release|Any CPU
		{6B743A04-77A8-41D7-B20E-A134FC7EF26A}.Release|Any CPU.Deploy.0 = Release|Any CPU
		{3AE138FC-D635-464C-80DE-0DB41B49F3EE}.Debug|Any CPU.ActiveCfg = Debug|Any CPU
		{3AE138FC-D635-464C-80DE-0DB41B49F3EE}.Debug|Any CPU.Build.0 = Debug|Any CPU
		{3AE138FC-D635-464C-80DE-0DB41B49F3EE}.Release|Any CPU.ActiveCfg = Release|Any CPU
		{3AE138FC-D635-464C-80DE-0DB41B49F3EE}.Release|Any CPU.Build.0 = Release|Any CPU
		{2BCACDF8-59BE-418E-ABE5-9D0DBC4FD53D}.Debug|Any CPU.ActiveCfg = Debug|Any CPU
		{2BCACDF8-59BE-418E-ABE5-9D0DBC4FD53D}.Debug|Any CPU.Build.0 = Debug|Any CPU
		{2BCACDF8-59BE-418E-ABE5-9D0DBC4FD53D}.Release|Any CPU.ActiveCfg = Release|Any CPU
		{2BCACDF8-59BE-418E-ABE5-9D0DBC4FD53D}.Release|Any CPU.Build.0 = Release|Any CPU
	EndGlobalSection
	GlobalSection(SolutionProperties) = preSolution
		HideSolutionNode = FALSE
	EndGlobalSection
	GlobalSection(NestedProjects) = preSolution
		{EE17C307-7345-439F-B0D1-C3D83ABAC1E0} = {290B3989-E6FE-4B87-94EA-DB9192738A8C}
		{76D551CE-22C9-41D4-9348-39F24B5B917F} = {290B3989-E6FE-4B87-94EA-DB9192738A8C}
		{935C2010-8F92-46DF-92B3-7E145A319C04} = {C09D79B0-8A1A-4460-B1F3-596A46841594}
		{27A7082F-A28C-4A76-B32C-943BFB2293FD} = {C09D79B0-8A1A-4460-B1F3-596A46841594}
		{92DF49BB-2DD4-463E-B849-459BABEFCBC7} = {B7F3C2D7-E84D-4C89-9DCC-C63E27D1DA2F}
		{38BBDC8F-0EA1-46EC-B668-66C0A84F3B03} = {B7F3C2D7-E84D-4C89-9DCC-C63E27D1DA2F}
		{4C30F5A7-A2FF-4BEF-BAA0-76DD3D34D4CA} = {B7F3C2D7-E84D-4C89-9DCC-C63E27D1DA2F}
		{F05C4097-0C29-4409-92B6-FAA1D6F68C7D} = {C867AFCD-E372-4B4A-80F6-FD0C5AC25ACC}
		{C450F6E6-0774-4C93-AB03-3DA7A0FF0CB6} = {B415415F-1457-4D48-AF25-9EEEB7C1C1B2}
		{091394F7-5A6B-40B2-9F23-C55BB8978634} = {3B090057-1B67-4FF0-85E3-179D03B9FFDD}
		{6B743A04-77A8-41D7-B20E-A134FC7EF26A} = {3B090057-1B67-4FF0-85E3-179D03B9FFDD}
		{3AE138FC-D635-464C-80DE-0DB41B49F3EE} = {C867AFCD-E372-4B4A-80F6-FD0C5AC25ACC}
		{2BCACDF8-59BE-418E-ABE5-9D0DBC4FD53D} = {C450F6E6-0774-4C93-AB03-3DA7A0FF0CB6}
	EndGlobalSection
	GlobalSection(ExtensibilityGlobals) = postSolution
		SolutionGuid = {76DC2A6F-E5B6-47E5-BA65-5513D96D941F}
	EndGlobalSection
EndGlobal
