
Microsoft Visual Studio Solution File, Format Version 12.00
# Visual Studio Version 17
VisualStudioVersion = 17.7.34024.191
MinimumVisualStudioVersion = 10.0.40219.1
Project("{9A19103F-16F7-4668-BE54-9A1E7A4F7556}") = "SimpleDashboard", "SimpleDashboard\SimpleDashboard.csproj", "{2923F1CE-0CE0-4D7A-8B8B-D3CCBE8F93C4}"
EndProject
Project("{2150E333-8FDC-42A3-9474-1A3956D46DE8}") = "1-Presentation", "1-Presentation", "{3B090057-1B67-4FF0-85E3-179D03B9FFDD}"
EndProject
Project("{2150E333-8FDC-42A3-9474-1A3956D46DE8}") = "2-Application", "2-Application", "{290B3989-E6FE-4B87-94EA-DB9192738A8C}"
EndProject
Project("{2150E333-8FDC-42A3-9474-1A3956D46DE8}") = "3-Domain", "3-Domain", "{C09D79B0-8A1A-4460-B1F3-596A46841594}"
EndProject
Project("{2150E333-8FDC-42A3-9474-1A3956D46DE8}") = "4-Infrastructure", "4-Infrastructure", "{C867AFCD-E372-4B4A-80F6-FD0C5AC25ACC}"
EndProject
Project("{2150E333-8FDC-42A3-9474-1A3956D46DE8}") = "5-CommonCore", "5-CommonCore", "{B7F3C2D7-E84D-4C89-9DCC-C63E27D1DA2F}"
EndProject
Project("{FAE04EC0-301F-11D3-BF4B-00C04F79EFBC}") = "Application", "Application\Application.csproj", "{EE17C307-7345-439F-B0D1-C3D83ABAC1E0}"
EndProject
Project("{FAE04EC0-301F-11D3-BF4B-00C04F79EFBC}") = "Application.Services", "Application.Services\Application.Services.csproj", "{76D551CE-22C9-41D4-9348-39F24B5B917F}"
EndProject
Project("{FAE04EC0-301F-11D3-BF4B-00C04F79EFBC}") = "Domain", "Domain\Domain.csproj", "{935C2010-8F92-46DF-92B3-7E145A319C04}"
EndProject
Project("{FAE04EC0-301F-11D3-BF4B-00C04F79EFBC}") = "Domain.Services", "Domain.Services\Domain.Services.csproj", "{27A7082F-A28C-4A76-B32C-943BFB2293FD}"
EndProject
Project("{FAE04EC0-301F-11D3-BF4B-00C04F79EFBC}") = "Infra.Database.MySQL", "Infra.Database.MySQL\Infra.Database.MySQL.csproj", "{D9DDDF8A-ACB1-4741-AD8E-BABEF924595B}"
EndProject
Project("{FAE04EC0-301F-11D3-BF4B-00C04F79EFBC}") = "Core", "Core\Core.csproj", "{92DF49BB-2DD4-463E-B849-459BABEFCBC7}"
EndProject
Global
	GlobalSection(SolutionConfigurationPlatforms) = preSolution
		Debug|Any CPU = Debug|Any CPU
		Release|Any CPU = Release|Any CPU
	EndGlobalSection
	GlobalSection(ProjectConfigurationPlatforms) = postSolution
		{2923F1CE-0CE0-4D7A-8B8B-D3CCBE8F93C4}.Debug|Any CPU.ActiveCfg = Debug|Any CPU
		{2923F1CE-0CE0-4D7A-8B8B-D3CCBE8F93C4}.Debug|Any CPU.Build.0 = Debug|Any CPU
		{2923F1CE-0CE0-4D7A-8B8B-D3CCBE8F93C4}.Release|Any CPU.ActiveCfg = Release|Any CPU
		{2923F1CE-0CE0-4D7A-8B8B-D3CCBE8F93C4}.Release|Any CPU.Build.0 = Release|Any CPU
		{EE17C307-7345-439F-B0D1-C3D83ABAC1E0}.Debug|Any CPU.ActiveCfg = Debug|Any CPU
		{EE17C307-7345-439F-B0D1-C3D83ABAC1E0}.Debug|Any CPU.Build.0 = Debug|Any CPU
		{EE17C307-7345-439F-B0D1-C3D83ABAC1E0}.Release|Any CPU.ActiveCfg = Release|Any CPU
		{EE17C307-7345-439F-B0D1-C3D83ABAC1E0}.Release|Any CPU.Build.0 = Release|Any CPU
		{76D551CE-22C9-41D4-9348-39F24B5B917F}.Debug|Any CPU.ActiveCfg = Debug|Any CPU
		{76D551CE-22C9-41D4-9348-39F24B5B917F}.Debug|Any CPU.Build.0 = Debug|Any CPU
		{76D551CE-22C9-41D4-9348-39F24B5B917F}.Release|Any CPU.ActiveCfg = Release|Any CPU
		{76D551CE-22C9-41D4-9348-39F24B5B917F}.Release|Any CPU.Build.0 = Release|Any CPU
		{935C2010-8F92-46DF-92B3-7E145A319C04}.Debug|Any CPU.ActiveCfg = Debug|Any CPU
		{935C2010-8F92-46DF-92B3-7E145A319C04}.Debug|Any CPU.Build.0 = Debug|Any CPU
		{935C2010-8F92-46DF-92B3-7E145A319C04}.Release|Any CPU.ActiveCfg = Release|Any CPU
		{935C2010-8F92-46DF-92B3-7E145A319C04}.Release|Any CPU.Build.0 = Release|Any CPU
		{27A7082F-A28C-4A76-B32C-943BFB2293FD}.Debug|Any CPU.ActiveCfg = Debug|Any CPU
		{27A7082F-A28C-4A76-B32C-943BFB2293FD}.Debug|Any CPU.Build.0 = Debug|Any CPU
		{27A7082F-A28C-4A76-B32C-943BFB2293FD}.Release|Any CPU.ActiveCfg = Release|Any CPU
		{27A7082F-A28C-4A76-B32C-943BFB2293FD}.Release|Any CPU.Build.0 = Release|Any CPU
		{D9DDDF8A-ACB1-4741-AD8E-BABEF924595B}.Debug|Any CPU.ActiveCfg = Debug|Any CPU
		{D9DDDF8A-ACB1-4741-AD8E-BABEF924595B}.Debug|Any CPU.Build.0 = Debug|Any CPU
		{D9DDDF8A-ACB1-4741-AD8E-BABEF924595B}.Release|Any CPU.ActiveCfg = Release|Any CPU
		{D9DDDF8A-ACB1-4741-AD8E-BABEF924595B}.Release|Any CPU.Build.0 = Release|Any CPU
		{92DF49BB-2DD4-463E-B849-459BABEFCBC7}.Debug|Any CPU.ActiveCfg = Debug|Any CPU
		{92DF49BB-2DD4-463E-B849-459BABEFCBC7}.Debug|Any CPU.Build.0 = Debug|Any CPU
		{92DF49BB-2DD4-463E-B849-459BABEFCBC7}.Release|Any CPU.ActiveCfg = Release|Any CPU
		{92DF49BB-2DD4-463E-B849-459BABEFCBC7}.Release|Any CPU.Build.0 = Release|Any CPU
	EndGlobalSection
	GlobalSection(SolutionProperties) = preSolution
		HideSolutionNode = FALSE
	EndGlobalSection
	GlobalSection(NestedProjects) = preSolution
		{2923F1CE-0CE0-4D7A-8B8B-D3CCBE8F93C4} = {3B090057-1B67-4FF0-85E3-179D03B9FFDD}
		{EE17C307-7345-439F-B0D1-C3D83ABAC1E0} = {290B3989-E6FE-4B87-94EA-DB9192738A8C}
		{76D551CE-22C9-41D4-9348-39F24B5B917F} = {290B3989-E6FE-4B87-94EA-DB9192738A8C}
		{935C2010-8F92-46DF-92B3-7E145A319C04} = {C09D79B0-8A1A-4460-B1F3-596A46841594}
		{27A7082F-A28C-4A76-B32C-943BFB2293FD} = {C09D79B0-8A1A-4460-B1F3-596A46841594}
		{D9DDDF8A-ACB1-4741-AD8E-BABEF924595B} = {C867AFCD-E372-4B4A-80F6-FD0C5AC25ACC}
		{92DF49BB-2DD4-463E-B849-459BABEFCBC7} = {B7F3C2D7-E84D-4C89-9DCC-C63E27D1DA2F}
	EndGlobalSection
	GlobalSection(ExtensibilityGlobals) = postSolution
		SolutionGuid = {76DC2A6F-E5B6-47E5-BA65-5513D96D941F}
	EndGlobalSection
EndGlobal
